
Microsoft Visual Studio Solution File, Format Version 12.00
Project("{2150E333-8FDC-42A3-9474-1A3956D46DE8}") = "src", "src", "{827E0CD3-B72D-47B6-A68D-7590B98EB39B}"
EndProject
Project("{FAE04EC0-301F-11D3-BF4B-00C04F79EFBC}") = "WebFlow.Abstractions", "src\WebFlow.Abstractions\WebFlow.Abstractions.csproj", "{4A238904-273F-4FD1-BDA9-F655DA3E6ADC}"
EndProject
Project("{FAE04EC0-301F-11D3-BF4B-00C04F79EFBC}") = "WebFlow.AspNetCore", "src\WebFlow.AspNetCore\WebFlow.AspNetCore.csproj", "{7BAF2D40-2039-4BBE-9EF0-6801667BE6A0}"
EndProject
Project("{2150E333-8FDC-42A3-9474-1A3956D46DE8}") = "tests", "tests", "{0AB3BF05-4346-4AA6-1389-037BE0695223}"
EndProject
Project("{FAE04EC0-301F-11D3-BF4B-00C04F79EFBC}") = "WebFlow.AspNetCore.Tests", "tests\WebFlow.AspNetCore.Tests\WebFlow.AspNetCore.Tests.csproj", "{CAAC1A28-1F0E-481F-929A-24A600EA801B}"
EndProject
Project("{FAE04EC0-301F-11D3-BF4B-00C04F79EFBC}") = "WebFlow.FluentValidation", "src\WebFlow.FluentValidation\WebFlow.FluentValidation.csproj", "{C01C8776-7D64-49FE-AEB8-F342F410D8AF}"
EndProject
Project("{FAE04EC0-301F-11D3-BF4B-00C04F79EFBC}") = "WebFlow.FluentValidation.Tests", "tests\WebFlow.FluentValidation.Tests\WebFlow.FluentValidation.Tests.csproj", "{626929D2-07F8-4036-8FA2-573C18E35EAC}"
EndProject
Global
	GlobalSection(SolutionConfigurationPlatforms) = preSolution
		Debug|Any CPU = Debug|Any CPU
		Debug|x64 = Debug|x64
		Debug|x86 = Debug|x86
		Release|Any CPU = Release|Any CPU
		Release|x64 = Release|x64
		Release|x86 = Release|x86
	EndGlobalSection
	GlobalSection(ProjectConfigurationPlatforms) = postSolution
		{4A238904-273F-4FD1-BDA9-F655DA3E6ADC}.Debug|Any CPU.ActiveCfg = Debug|Any CPU
		{4A238904-273F-4FD1-BDA9-F655DA3E6ADC}.Debug|Any CPU.Build.0 = Debug|Any CPU
		{4A238904-273F-4FD1-BDA9-F655DA3E6ADC}.Debug|x64.ActiveCfg = Debug|Any CPU
		{4A238904-273F-4FD1-BDA9-F655DA3E6ADC}.Debug|x64.Build.0 = Debug|Any CPU
		{4A238904-273F-4FD1-BDA9-F655DA3E6ADC}.Debug|x86.ActiveCfg = Debug|Any CPU
		{4A238904-273F-4FD1-BDA9-F655DA3E6ADC}.Debug|x86.Build.0 = Debug|Any CPU
		{4A238904-273F-4FD1-BDA9-F655DA3E6ADC}.Release|Any CPU.ActiveCfg = Release|Any CPU
		{4A238904-273F-4FD1-BDA9-F655DA3E6ADC}.Release|Any CPU.Build.0 = Release|Any CPU
		{4A238904-273F-4FD1-BDA9-F655DA3E6ADC}.Release|x64.ActiveCfg = Release|Any CPU
		{4A238904-273F-4FD1-BDA9-F655DA3E6ADC}.Release|x64.Build.0 = Release|Any CPU
		{4A238904-273F-4FD1-BDA9-F655DA3E6ADC}.Release|x86.ActiveCfg = Release|Any CPU
		{4A238904-273F-4FD1-BDA9-F655DA3E6ADC}.Release|x86.Build.0 = Release|Any CPU
		{7BAF2D40-2039-4BBE-9EF0-6801667BE6A0}.Debug|Any CPU.ActiveCfg = Debug|Any CPU
		{7BAF2D40-2039-4BBE-9EF0-6801667BE6A0}.Debug|Any CPU.Build.0 = Debug|Any CPU
		{7BAF2D40-2039-4BBE-9EF0-6801667BE6A0}.Debug|x64.ActiveCfg = Debug|Any CPU
		{7BAF2D40-2039-4BBE-9EF0-6801667BE6A0}.Debug|x64.Build.0 = Debug|Any CPU
		{7BAF2D40-2039-4BBE-9EF0-6801667BE6A0}.Debug|x86.ActiveCfg = Debug|Any CPU
		{7BAF2D40-2039-4BBE-9EF0-6801667BE6A0}.Debug|x86.Build.0 = Debug|Any CPU
		{7BAF2D40-2039-4BBE-9EF0-6801667BE6A0}.Release|Any CPU.ActiveCfg = Release|Any CPU
		{7BAF2D40-2039-4BBE-9EF0-6801667BE6A0}.Release|Any CPU.Build.0 = Release|Any CPU
		{7BAF2D40-2039-4BBE-9EF0-6801667BE6A0}.Release|x64.ActiveCfg = Release|Any CPU
		{7BAF2D40-2039-4BBE-9EF0-6801667BE6A0}.Release|x64.Build.0 = Release|Any CPU
		{7BAF2D40-2039-4BBE-9EF0-6801667BE6A0}.Release|x86.ActiveCfg = Release|Any CPU
		{7BAF2D40-2039-4BBE-9EF0-6801667BE6A0}.Release|x86.Build.0 = Release|Any CPU
		{CAAC1A28-1F0E-481F-929A-24A600EA801B}.Debug|Any CPU.ActiveCfg = Debug|Any CPU
		{CAAC1A28-1F0E-481F-929A-24A600EA801B}.Debug|Any CPU.Build.0 = Debug|Any CPU
		{CAAC1A28-1F0E-481F-929A-24A600EA801B}.Debug|x64.ActiveCfg = Debug|Any CPU
		{CAAC1A28-1F0E-481F-929A-24A600EA801B}.Debug|x64.Build.0 = Debug|Any CPU
		{CAAC1A28-1F0E-481F-929A-24A600EA801B}.Debug|x86.ActiveCfg = Debug|Any CPU
		{CAAC1A28-1F0E-481F-929A-24A600EA801B}.Debug|x86.Build.0 = Debug|Any CPU
		{CAAC1A28-1F0E-481F-929A-24A600EA801B}.Release|Any CPU.ActiveCfg = Release|Any CPU
		{CAAC1A28-1F0E-481F-929A-24A600EA801B}.Release|Any CPU.Build.0 = Release|Any CPU
		{CAAC1A28-1F0E-481F-929A-24A600EA801B}.Release|x64.ActiveCfg = Release|Any CPU
		{CAAC1A28-1F0E-481F-929A-24A600EA801B}.Release|x64.Build.0 = Release|Any CPU
		{CAAC1A28-1F0E-481F-929A-24A600EA801B}.Release|x86.ActiveCfg = Release|Any CPU
		{CAAC1A28-1F0E-481F-929A-24A600EA801B}.Release|x86.Build.0 = Release|Any CPU
		{C01C8776-7D64-49FE-AEB8-F342F410D8AF}.Debug|Any CPU.ActiveCfg = Debug|Any CPU
		{C01C8776-7D64-49FE-AEB8-F342F410D8AF}.Debug|Any CPU.Build.0 = Debug|Any CPU
		{C01C8776-7D64-49FE-AEB8-F342F410D8AF}.Debug|x64.ActiveCfg = Debug|Any CPU
		{C01C8776-7D64-49FE-AEB8-F342F410D8AF}.Debug|x64.Build.0 = Debug|Any CPU
		{C01C8776-7D64-49FE-AEB8-F342F410D8AF}.Debug|x86.ActiveCfg = Debug|Any CPU
		{C01C8776-7D64-49FE-AEB8-F342F410D8AF}.Debug|x86.Build.0 = Debug|Any CPU
		{C01C8776-7D64-49FE-AEB8-F342F410D8AF}.Release|Any CPU.ActiveCfg = Release|Any CPU
		{C01C8776-7D64-49FE-AEB8-F342F410D8AF}.Release|Any CPU.Build.0 = Release|Any CPU
		{C01C8776-7D64-49FE-AEB8-F342F410D8AF}.Release|x64.ActiveCfg = Release|Any CPU
		{C01C8776-7D64-49FE-AEB8-F342F410D8AF}.Release|x64.Build.0 = Release|Any CPU
		{C01C8776-7D64-49FE-AEB8-F342F410D8AF}.Release|x86.ActiveCfg = Release|Any CPU
		{C01C8776-7D64-49FE-AEB8-F342F410D8AF}.Release|x86.Build.0 = Release|Any CPU
		{626929D2-07F8-4036-8FA2-573C18E35EAC}.Debug|Any CPU.ActiveCfg = Debug|Any CPU
		{626929D2-07F8-4036-8FA2-573C18E35EAC}.Debug|Any CPU.Build.0 = Debug|Any CPU
		{626929D2-07F8-4036-8FA2-573C18E35EAC}.Debug|x64.ActiveCfg = Debug|Any CPU
		{626929D2-07F8-4036-8FA2-573C18E35EAC}.Debug|x64.Build.0 = Debug|Any CPU
		{626929D2-07F8-4036-8FA2-573C18E35EAC}.Debug|x86.ActiveCfg = Debug|Any CPU
		{626929D2-07F8-4036-8FA2-573C18E35EAC}.Debug|x86.Build.0 = Debug|Any CPU
		{626929D2-07F8-4036-8FA2-573C18E35EAC}.Release|Any CPU.ActiveCfg = Release|Any CPU
		{626929D2-07F8-4036-8FA2-573C18E35EAC}.Release|Any CPU.Build.0 = Release|Any CPU
		{626929D2-07F8-4036-8FA2-573C18E35EAC}.Release|x64.ActiveCfg = Release|Any CPU
		{626929D2-07F8-4036-8FA2-573C18E35EAC}.Release|x64.Build.0 = Release|Any CPU
		{626929D2-07F8-4036-8FA2-573C18E35EAC}.Release|x86.ActiveCfg = Release|Any CPU
		{626929D2-07F8-4036-8FA2-573C18E35EAC}.Release|x86.Build.0 = Release|Any CPU
	EndGlobalSection
	GlobalSection(SolutionProperties) = preSolution
		HideSolutionNode = FALSE
	EndGlobalSection
	GlobalSection(NestedProjects) = preSolution
		{4A238904-273F-4FD1-BDA9-F655DA3E6ADC} = {827E0CD3-B72D-47B6-A68D-7590B98EB39B}
		{7BAF2D40-2039-4BBE-9EF0-6801667BE6A0} = {827E0CD3-B72D-47B6-A68D-7590B98EB39B}
		{CAAC1A28-1F0E-481F-929A-24A600EA801B} = {0AB3BF05-4346-4AA6-1389-037BE0695223}
		{C01C8776-7D64-49FE-AEB8-F342F410D8AF} = {827E0CD3-B72D-47B6-A68D-7590B98EB39B}
		{626929D2-07F8-4036-8FA2-573C18E35EAC} = {0AB3BF05-4346-4AA6-1389-037BE0695223}
	EndGlobalSection
EndGlobal
